
Microsoft Visual Studio Solution File, Format Version 12.00
# Visual Studio Version 17
VisualStudioVersion = 17.13.35828.75 d17.13
MinimumVisualStudioVersion = 10.0.40219.1
Project("{FAE04EC0-301F-11D3-BF4B-00C04F79EFBC}") = "ERP.Server.Application", "ERP.Server.Application\ERP.Server.Application.csproj", "{1D9A9BBF-D203-4553-9BF7-D9B0129E1BBC}"
EndProject
Project("{FAE04EC0-301F-11D3-BF4B-00C04F79EFBC}") = "ERP.Server.Domain", "ERP.Server.Domain\ERP.Server.Domain.csproj", "{DC22F2BB-9C96-4ACE-A4A1-FE63D34DAA2E}"
EndProject
Project("{FAE04EC0-301F-11D3-BF4B-00C04F79EFBC}") = "ERP.Server.Infrastructure", "ERP.Server.Infrastructure\ERP.Server.Infrastructure.csproj", "{73792691-1900-43A1-8797-ED749B7D2A1C}"
EndProject
Project("{FAE04EC0-301F-11D3-BF4B-00C04F79EFBC}") = "ERP.Server.WebAPI", "ERP.Server.WebAPI\ERP.Server.WebAPI.csproj", "{3A817CF8-7F04-465B-8097-F21CF9171E7C}"
EndProject
Global
	GlobalSection(SolutionConfigurationPlatforms) = preSolution
		Debug|Any CPU = Debug|Any CPU
		Release|Any CPU = Release|Any CPU
	EndGlobalSection
	GlobalSection(ProjectConfigurationPlatforms) = postSolution
		{1D9A9BBF-D203-4553-9BF7-D9B0129E1BBC}.Debug|Any CPU.ActiveCfg = Debug|Any CPU
		{1D9A9BBF-D203-4553-9BF7-D9B0129E1BBC}.Debug|Any CPU.Build.0 = Debug|Any CPU
		{1D9A9BBF-D203-4553-9BF7-D9B0129E1BBC}.Release|Any CPU.ActiveCfg = Release|Any CPU
		{1D9A9BBF-D203-4553-9BF7-D9B0129E1BBC}.Release|Any CPU.Build.0 = Release|Any CPU
		{DC22F2BB-9C96-4ACE-A4A1-FE63D34DAA2E}.Debug|Any CPU.ActiveCfg = Debug|Any CPU
		{DC22F2BB-9C96-4ACE-A4A1-FE63D34DAA2E}.Debug|Any CPU.Build.0 = Debug|Any CPU
		{DC22F2BB-9C96-4ACE-A4A1-FE63D34DAA2E}.Release|Any CPU.ActiveCfg = Release|Any CPU
		{DC22F2BB-9C96-4ACE-A4A1-FE63D34DAA2E}.Release|Any CPU.Build.0 = Release|Any CPU
		{73792691-1900-43A1-8797-ED749B7D2A1C}.Debug|Any CPU.ActiveCfg = Debug|Any CPU
		{73792691-1900-43A1-8797-ED749B7D2A1C}.Debug|Any CPU.Build.0 = Debug|Any CPU
		{73792691-1900-43A1-8797-ED749B7D2A1C}.Release|Any CPU.ActiveCfg = Release|Any CPU
		{73792691-1900-43A1-8797-ED749B7D2A1C}.Release|Any CPU.Build.0 = Release|Any CPU
		{3A817CF8-7F04-465B-8097-F21CF9171E7C}.Debug|Any CPU.ActiveCfg = Debug|Any CPU
		{3A817CF8-7F04-465B-8097-F21CF9171E7C}.Debug|Any CPU.Build.0 = Debug|Any CPU
		{3A817CF8-7F04-465B-8097-F21CF9171E7C}.Release|Any CPU.ActiveCfg = Release|Any CPU
		{3A817CF8-7F04-465B-8097-F21CF9171E7C}.Release|Any CPU.Build.0 = Release|Any CPU
	EndGlobalSection
	GlobalSection(SolutionProperties) = preSolution
		HideSolutionNode = FALSE
	EndGlobalSection
	GlobalSection(ExtensibilityGlobals) = postSolution
		SolutionGuid = {881DD139-1B00-4363-991B-49D1210D1046}
	EndGlobalSection
EndGlobal
